
Microsoft Visual Studio Solution File, Format Version 12.00
# Visual Studio Version 16
VisualStudioVersion = 16.0.31129.286
MinimumVisualStudioVersion = 10.0.40219.1
Project("{FAE04EC0-301F-11D3-BF4B-00C04F79EFBC}") = "WebCV", "WebCV.csproj", "{2AA63756-4128-4F8C-A9C7-622B0E909A43}"
EndProject
Global
	GlobalSection(SolutionConfigurationPlatforms) = preSolution
		Debug|Any CPU = Debug|Any CPU
		Release|Any CPU = Release|Any CPU
	EndGlobalSection
	GlobalSection(ProjectConfigurationPlatforms) = postSolution
		{2AA63756-4128-4F8C-A9C7-622B0E909A43}.Debug|Any CPU.ActiveCfg = Debug|Any CPU
		{2AA63756-4128-4F8C-A9C7-622B0E909A43}.Debug|Any CPU.Build.0 = Debug|Any CPU
		{2AA63756-4128-4F8C-A9C7-622B0E909A43}.Release|Any CPU.ActiveCfg = Release|Any CPU
		{2AA63756-4128-4F8C-A9C7-622B0E909A43}.Release|Any CPU.Build.0 = Release|Any CPU
	EndGlobalSection
	GlobalSection(SolutionProperties) = preSolution
		HideSolutionNode = FALSE
	EndGlobalSection
	GlobalSection(ExtensibilityGlobals) = postSolution
		SolutionGuid = {FA323485-EA96-49E0-BE19-AABD1CECA9F0}
	EndGlobalSection
EndGlobal
